// !$*UTF8*$!
{
	archiveVersion = 1;
	classes = {
	};
	objectVersion = 46;
	objects = {

/* Begin PBXBuildFile section */
		71BC1FDA1B3BABE300A34BCC /* main.m in Sources */ = {isa = PBXBuildFile; fileRef = 71BC1FD91B3BABE300A34BCC /* main.m */; };
		71BC1FDD1B3BABE300A34BCC /* AppDelegate.m in Sources */ = {isa = PBXBuildFile; fileRef = 71BC1FDC1B3BABE300A34BCC /* AppDelegate.m */; };
		71BC1FE01B3BABE300A34BCC /* ViewController.m in Sources */ = {isa = PBXBuildFile; fileRef = 71BC1FDF1B3BABE300A34BCC /* ViewController.m */; };
		71BC1FE31B3BABE300A34BCC /* Main.storyboard in Resources */ = {isa = PBXBuildFile; fileRef = 71BC1FE11B3BABE300A34BCC /* Main.storyboard */; };
		71BC1FE51B3BABE300A34BCC /* Images.xcassets in Resources */ = {isa = PBXBuildFile; fileRef = 71BC1FE41B3BABE300A34BCC /* Images.xcassets */; };
		71BC1FE81B3BABE300A34BCC /* LaunchScreen.xib in Resources */ = {isa = PBXBuildFile; fileRef = 71BC1FE61B3BABE300A34BCC /* LaunchScreen.xib */; };
		71BC1FF41B3BABE300A34BCC /* MusicTests.m in Sources */ = {isa = PBXBuildFile; fileRef = 71BC1FF31B3BABE300A34BCC /* MusicTests.m */; };
/* End PBXBuildFile section */

/* Begin PBXContainerItemProxy section */
		71BC1FEE1B3BABE300A34BCC /* PBXContainerItemProxy */ = {
			isa = PBXContainerItemProxy;
			containerPortal = 71BC1FCC1B3BABE300A34BCC /* Project object */;
			proxyType = 1;
			remoteGlobalIDString = 71BC1FD31B3BABE300A34BCC;
			remoteInfo = Music;
		};
/* End PBXContainerItemProxy section */

/* Begin PBXFileReference section */
		71BC1FD41B3BABE300A34BCC /* Music.app */ = {isa = PBXFileReference; explicitFileType = wrapper.application; includeInIndex = 0; path = Music.app; sourceTree = BUILT_PRODUCTS_DIR; };
		71BC1FD81B3BABE300A34BCC /* Info.plist */ = {isa = PBXFileReference; lastKnownFileType = text.plist.xml; path = Info.plist; sourceTree = "<group>"; };
		71BC1FD91B3BABE300A34BCC /* main.m */ = {isa = PBXFileReference; lastKnownFileType = sourcecode.c.objc; path = main.m; sourceTree = "<group>"; };
		71BC1FDB1B3BABE300A34BCC /* AppDelegate.h */ = {isa = PBXFileReference; lastKnownFileType = sourcecode.c.h; path = AppDelegate.h; sourceTree = "<group>"; };
		71BC1FDC1B3BABE300A34BCC /* AppDelegate.m */ = {isa = PBXFileReference; lastKnownFileType = sourcecode.c.objc; path = AppDelegate.m; sourceTree = "<group>"; };
		71BC1FDE1B3BABE300A34BCC /* ViewController.h */ = {isa = PBXFileReference; lastKnownFileType = sourcecode.c.h; path = ViewController.h; sourceTree = "<group>"; };
		71BC1FDF1B3BABE300A34BCC /* ViewController.m */ = {isa = PBXFileReference; lastKnownFileType = sourcecode.c.objc; path = ViewController.m; sourceTree = "<group>"; };
		71BC1FE21B3BABE300A34BCC /* Base */ = {isa = PBXFileReference; lastKnownFileType = file.storyboard; name = Base; path = Base.lproj/Main.storyboard; sourceTree = "<group>"; };
		71BC1FE41B3BABE300A34BCC /* Images.xcassets */ = {isa = PBXFileReference; lastKnownFileType = folder.assetcatalog; path = Images.xcassets; sourceTree = "<group>"; };
		71BC1FE71B3BABE300A34BCC /* Base */ = {isa = PBXFileReference; lastKnownFileType = file.xib; name = Base; path = Base.lproj/LaunchScreen.xib; sourceTree = "<group>"; };
		71BC1FED1B3BABE300A34BCC /* MusicTests.xctest */ = {isa = PBXFileReference; explicitFileType = wrapper.cfbundle; includeInIndex = 0; path = MusicTests.xctest; sourceTree = BUILT_PRODUCTS_DIR; };
		71BC1FF21B3BABE300A34BCC /* Info.plist */ = {isa = PBXFileReference; lastKnownFileType = text.plist.xml; path = Info.plist; sourceTree = "<group>"; };
		71BC1FF31B3BABE300A34BCC /* MusicTests.m */ = {isa = PBXFileReference; lastKnownFileType = sourcecode.c.objc; path = MusicTests.m; sourceTree = "<group>"; };
/* End PBXFileReference section */

/* Begin PBXFrameworksBuildPhase section */
		71BC1FD11B3BABE300A34BCC /* Frameworks */ = {
			isa = PBXFrameworksBuildPhase;
			buildActionMask = 2147483647;
			files = (
			);
			runOnlyForDeploymentPostprocessing = 0;
		};
		71BC1FEA1B3BABE300A34BCC /* Frameworks */ = {
			isa = PBXFrameworksBuildPhase;
			buildActionMask = 2147483647;
			files = (
			);
			runOnlyForDeploymentPostprocessing = 0;
		};
/* End PBXFrameworksBuildPhase section */

/* Begin PBXGroup section */
		71BC1FCB1B3BABE300A34BCC = {
			isa = PBXGroup;
			children = (
				71BC1FD61B3BABE300A34BCC /* Music */,
				71BC1FF01B3BABE300A34BCC /* MusicTests */,
				71BC1FD51B3BABE300A34BCC /* Products */,
			);
			sourceTree = "<group>";
		};
		71BC1FD51B3BABE300A34BCC /* Products */ = {
			isa = PBXGroup;
			children = (
				71BC1FD41B3BABE300A34BCC /* Music.app */,
				71BC1FED1B3BABE300A34BCC /* MusicTests.xctest */,
			);
			name = Products;
			sourceTree = "<group>";
		};
		71BC1FD61B3BABE300A34BCC /* Music */ = {
			isa = PBXGroup;
			children = (
				71BC1FDB1B3BABE300A34BCC /* AppDelegate.h */,
				71BC1FDC1B3BABE300A34BCC /* AppDelegate.m */,
				71BC1FDE1B3BABE300A34BCC /* ViewController.h */,
				71BC1FDF1B3BABE300A34BCC /* ViewController.m */,
				71BC1FE11B3BABE300A34BCC /* Main.storyboard */,
				71BC1FE41B3BABE300A34BCC /* Images.xcassets */,
				71BC1FE61B3BABE300A34BCC /* LaunchScreen.xib */,
				71BC1FD71B3BABE300A34BCC /* Supporting Files */,
			);
			path = Music;
			sourceTree = "<group>";
		};
		71BC1FD71B3BABE300A34BCC /* Supporting Files */ = {
			isa = PBXGroup;
			children = (
				71BC1FD81B3BABE300A34BCC /* Info.plist */,
				71BC1FD91B3BABE300A34BCC /* main.m */,
			);
			name = "Supporting Files";
			sourceTree = "<group>";
		};
		71BC1FF01B3BABE300A34BCC /* MusicTests */ = {
			isa = PBXGroup;
			children = (
				71BC1FF31B3BABE300A34BCC /* MusicTests.m */,
				71BC1FF11B3BABE300A34BCC /* Supporting Files */,
			);
			path = MusicTests;
			sourceTree = "<group>";
		};
		71BC1FF11B3BABE300A34BCC /* Supporting Files */ = {
			isa = PBXGroup;
			children = (
				71BC1FF21B3BABE300A34BCC /* Info.plist */,
			);
			name = "Supporting Files";
			sourceTree = "<group>";
		};
/* End PBXGroup section */

/* Begin PBXNativeTarget section */
		71BC1FD31B3BABE300A34BCC /* Music */ = {
			isa = PBXNativeTarget;
			buildConfigurationList = 71BC1FF71B3BABE300A34BCC /* Build configuration list for PBXNativeTarget "Music" */;
			buildPhases = (
				71BC1FD01B3BABE300A34BCC /* Sources */,
				71BC1FD11B3BABE300A34BCC /* Frameworks */,
				71BC1FD21B3BABE300A34BCC /* Resources */,
			);
			buildRules = (
			);
			dependencies = (
			);
			name = Music;
			productName = Music;
			productReference = 71BC1FD41B3BABE300A34BCC /* Music.app */;
			productType = "com.apple.product-type.application";
		};
		71BC1FEC1B3BABE300A34BCC /* MusicTests */ = {
			isa = PBXNativeTarget;
			buildConfigurationList = 71BC1FFA1B3BABE300A34BCC /* Build configuration list for PBXNativeTarget "MusicTests" */;
			buildPhases = (
				71BC1FE91B3BABE300A34BCC /* Sources */,
				71BC1FEA1B3BABE300A34BCC /* Frameworks */,
				71BC1FEB1B3BABE300A34BCC /* Resources */,
			);
			buildRules = (
			);
			dependencies = (
				71BC1FEF1B3BABE300A34BCC /* PBXTargetDependency */,
			);
			name = MusicTests;
			productName = MusicTests;
			productReference = 71BC1FED1B3BABE300A34BCC /* MusicTests.xctest */;
			productType = "com.apple.product-type.bundle.unit-test";
		};
/* End PBXNativeTarget section */

/* Begin PBXProject section */
		71BC1FCC1B3BABE300A34BCC /* Project object */ = {
			isa = PBXProject;
			attributes = {
				LastUpgradeCheck = 0630;
				ORGANIZATIONNAME = Ray;
				TargetAttributes = {
					71BC1FD31B3BABE300A34BCC = {
						CreatedOnToolsVersion = 6.3.1;
					};
					71BC1FEC1B3BABE300A34BCC = {
						CreatedOnToolsVersion = 6.3.1;
						TestTargetID = 71BC1FD31B3BABE300A34BCC;
					};
				};
			};
			buildConfigurationList = 71BC1FCF1B3BABE300A34BCC /* Build configuration list for PBXProject "Music" */;
			compatibilityVersion = "Xcode 3.2";
			developmentRegion = English;
			hasScannedForEncodings = 0;
			knownRegions = (
				en,
				Base,
			);
			mainGroup = 71BC1FCB1B3BABE300A34BCC;
			productRefGroup = 71BC1FD51B3BABE300A34BCC /* Products */;
			projectDirPath = "";
			projectRoot = "";
			targets = (
				71BC1FD31B3BABE300A34BCC /* Music */,
				71BC1FEC1B3BABE300A34BCC /* MusicTests */,
			);
		};
/* End PBXProject section */

/* Begin PBXResourcesBuildPhase section */
		71BC1FD21B3BABE300A34BCC /* Resources */ = {
			isa = PBXResourcesBuildPhase;
			buildActionMask = 2147483647;
			files = (
				71BC1FE31B3BABE300A34BCC /* Main.storyboard in Resources */,
				71BC1FE81B3BABE300A34BCC /* LaunchScreen.xib in Resources */,
				71BC1FE51B3BABE300A34BCC /* Images.xcassets in Resources */,
			);
			runOnlyForDeploymentPostprocessing = 0;
		};
		71BC1FEB1B3BABE300A34BCC /* Resources */ = {
			isa = PBXResourcesBuildPhase;
			buildActionMask = 2147483647;
			files = (
			);
			runOnlyForDeploymentPostprocessing = 0;
		};
/* End PBXResourcesBuildPhase section */

/* Begin PBXSourcesBuildPhase section */
		71BC1FD01B3BABE300A34BCC /* Sources */ = {
			isa = PBXSourcesBuildPhase;
			buildActionMask = 2147483647;
			files = (
				71BC1FE01B3BABE300A34BCC /* ViewController.m in Sources */,
				71BC1FDD1B3BABE300A34BCC /* AppDelegate.m in Sources */,
				71BC1FDA1B3BABE300A34BCC /* main.m in Sources */,
			);
			runOnlyForDeploymentPostprocessing = 0;
		};
		71BC1FE91B3BABE300A34BCC /* Sources */ = {
			isa = PBXSourcesBuildPhase;
			buildActionMask = 2147483647;
			files = (
				71BC1FF41B3BABE300A34BCC /* MusicTests.m in Sources */,
			);
			runOnlyForDeploymentPostprocessing = 0;
		};
/* End PBXSourcesBuildPhase section */

/* Begin PBXTargetDependency section */
		71BC1FEF1B3BABE300A34BCC /* PBXTargetDependency */ = {
			isa = PBXTargetDependency;
			target = 71BC1FD31B3BABE300A34BCC /* Music */;
			targetProxy = 71BC1FEE1B3BABE300A34BCC /* PBXContainerItemProxy */;
		};
/* End PBXTargetDependency section */

/* Begin PBXVariantGroup section */
		71BC1FE11B3BABE300A34BCC /* Main.storyboard */ = {
			isa = PBXVariantGroup;
			children = (
				71BC1FE21B3BABE300A34BCC /* Base */,
			);
			name = Main.storyboard;
			sourceTree = "<group>";
		};
		71BC1FE61B3BABE300A34BCC /* LaunchScreen.xib */ = {
			isa = PBXVariantGroup;
			children = (
				71BC1FE71B3BABE300A34BCC /* Base */,
			);
			name = LaunchScreen.xib;
			sourceTree = "<group>";
		};
/* End PBXVariantGroup section */

/* Begin XCBuildConfiguration section */
		71BC1FF51B3BABE300A34BCC /* Debug */ = {
			isa = XCBuildConfiguration;
			buildSettings = {
				ALWAYS_SEARCH_USER_PATHS = NO;
				CLANG_CXX_LANGUAGE_STANDARD = "gnu++0x";
				CLANG_CXX_LIBRARY = "libc++";
				CLANG_ENABLE_MODULES = YES;
				CLANG_ENABLE_OBJC_ARC = YES;
				CLANG_WARN_BOOL_CONVERSION = YES;
				CLANG_WARN_CONSTANT_CONVERSION = YES;
				CLANG_WARN_DIRECT_OBJC_ISA_USAGE = YES_ERROR;
				CLANG_WARN_EMPTY_BODY = YES;
				CLANG_WARN_ENUM_CONVERSION = YES;
				CLANG_WARN_INT_CONVERSION = YES;
				CLANG_WARN_OBJC_ROOT_CLASS = YES_ERROR;
				CLANG_WARN_UNREACHABLE_CODE = YES;
				CLANG_WARN__DUPLICATE_METHOD_MATCH = YES;
				"CODE_SIGN_IDENTITY[sdk=iphoneos*]" = "iPhone Developer";
				COPY_PHASE_STRIP = NO;
				DEBUG_INFORMATION_FORMAT = "dwarf-with-dsym";
				ENABLE_STRICT_OBJC_MSGSEND = YES;
				GCC_C_LANGUAGE_STANDARD = gnu99;
				GCC_DYNAMIC_NO_PIC = NO;
				GCC_NO_COMMON_BLOCKS = YES;
				GCC_OPTIMIZATION_LEVEL = 0;
				GCC_PREPROCESSOR_DEFINITIONS = (
					"DEBUG=1",
					"$(inherited)",
				);
				GCC_SYMBOLS_PRIVATE_EXTERN = NO;
				GCC_WARN_64_TO_32_BIT_CONVERSION = YES;
				GCC_WARN_ABOUT_RETURN_TYPE = YES_ERROR;
				GCC_WARN_UNDECLARED_SELECTOR = YES;
				GCC_WARN_UNINITIALIZED_AUTOS = YES_AGGRESSIVE;
				GCC_WARN_UNUSED_FUNCTION = YES;
				GCC_WARN_UNUSED_VARIABLE = YES;
				IPHONEOS_DEPLOYMENT_TARGET = 8.3;
				MTL_ENABLE_DEBUG_INFO = YES;
				ONLY_ACTIVE_ARCH = YES;
				SDKROOT = iphoneos;
			};
			name = Debug;
		};
		71BC1FF61B3BABE300A34BCC /* Release */ = {
			isa = XCBuildConfiguration;
			buildSettings = {
				ALWAYS_SEARCH_USER_PATHS = NO;
				CLANG_CXX_LANGUAGE_STANDARD = "gnu++0x";
				CLANG_CXX_LIBRARY = "libc++";
				CLANG_ENABLE_MODULES = YES;
				CLANG_ENABLE_OBJC_ARC = YES;
				CLANG_WARN_BOOL_CONVERSION = YES;
				CLANG_WARN_CONSTANT_CONVERSION = YES;
				CLANG_WARN_DIRECT_OBJC_ISA_USAGE = YES_ERROR;
				CLANG_WARN_EMPTY_BODY = YES;
				CLANG_WARN_ENUM_CONVERSION = YES;
				CLANG_WARN_INT_CONVERSION = YES;
				CLANG_WARN_OBJC_ROOT_CLASS = YES_ERROR;
				CLANG_WARN_UNREACHABLE_CODE = YES;
				CLANG_WARN__DUPLICATE_METHOD_MATCH = YES;
				"CODE_SIGN_IDENTITY[sdk=iphoneos*]" = "iPhone Developer";
				COPY_PHASE_STRIP = NO;
				DEBUG_INFORMATION_FORMAT = "dwarf-with-dsym";
				ENABLE_NS_ASSERTIONS = NO;
				ENABLE_STRICT_OBJC_MSGSEND = YES;
				GCC_C_LANGUAGE_STANDARD = gnu99;
				GCC_NO_COMMON_BLOCKS = YES;
				GCC_WARN_64_TO_32_BIT_CONVERSION = YES;
				GCC_WARN_ABOUT_RETURN_TYPE = YES_ERROR;
				GCC_WARN_UNDECLARED_SELECTOR = YES;
				GCC_WARN_UNINITIALIZED_AUTOS = YES_AGGRESSIVE;
				GCC_WARN_UNUSED_FUNCTION = YES;
				GCC_WARN_UNUSED_VARIABLE = YES;
				IPHONEOS_DEPLOYMENT_TARGET = 8.3;
				MTL_ENABLE_DEBUG_INFO = NO;
				SDKROOT = iphoneos;
				VALIDATE_PRODUCT = YES;
			};
			name = Release;
		};
		71BC1FF81B3BABE300A34BCC /* Debug */ = {
			isa = XCBuildConfiguration;
			buildSettings = {
				ASSETCATALOG_COMPILER_APPICON_NAME = AppIcon;
				INFOPLIST_FILE = Music/Info.plist;
				LD_RUNPATH_SEARCH_PATHS = "$(inherited) @executable_path/Frameworks";
				PRODUCT_NAME = "$(TARGET_NAME)";
			};
			name = Debug;
		};
		71BC1FF91B3BABE300A34BCC /* Release */ = {
			isa = XCBuildConfiguration;
			buildSettings = {
				ASSETCATALOG_COMPILER_APPICON_NAME = AppIcon;
				INFOPLIST_FILE = Music/Info.plist;
				LD_RUNPATH_SEARCH_PATHS = "$(inherited) @executable_path/Frameworks";
				PRODUCT_NAME = "$(TARGET_NAME)";
			};
			name = Release;
		};
		71BC1FFB1B3BABE300A34BCC /* Debug */ = {
			isa = XCBuildConfiguration;
			buildSettings = {
				BUNDLE_LOADER = "$(TEST_HOST)";
				FRAMEWORK_SEARCH_PATHS = (
					"$(SDKROOT)/Developer/Library/Frameworks",
					"$(inherited)",
				);
				GCC_PREPROCESSOR_DEFINITIONS = (
					"DEBUG=1",
					"$(inherited)",
				);
				INFOPLIST_FILE = MusicTests/Info.plist;
				LD_RUNPATH_SEARCH_PATHS = "$(inherited) @executable_path/Frameworks @loader_path/Frameworks";
				PRODUCT_NAME = "$(TARGET_NAME)";
				TEST_HOST = "$(BUILT_PRODUCTS_DIR)/Music.app/Music";
			};
			name = Debug;
		};
		71BC1FFC1B3BABE300A34BCC /* Release */ = {
			isa = XCBuildConfiguration;
			buildSettings = {
				BUNDLE_LOADER = "$(TEST_HOST)";
				FRAMEWORK_SEARCH_PATHS = (
					"$(SDKROOT)/Developer/Library/Frameworks",
					"$(inherited)",
				);
				INFOPLIST_FILE = MusicTests/Info.plist;
				LD_RUNPATH_SEARCH_PATHS = "$(inherited) @executable_path/Frameworks @loader_path/Frameworks";
				PRODUCT_NAME = "$(TARGET_NAME)";
				TEST_HOST = "$(BUILT_PRODUCTS_DIR)/Music.app/Music";
			};
			name = Release;
		};
/* End XCBuildConfiguration section */

/* Begin XCConfigurationList section */
		71BC1FCF1B3BABE300A34BCC /* Build configuration list for PBXProject "Music" */ = {
			isa = XCConfigurationList;
			buildConfigurations = (
				71BC1FF51B3BABE300A34BCC /* Debug */,
				71BC1FF61B3BABE300A34BCC /* Release */,
			);
			defaultConfigurationIsVisible = 0;
			defaultConfigurationName = Release;
		};
		71BC1FF71B3BABE300A34BCC /* Build configuration list for PBXNativeTarget "Music" */ = {
			isa = XCConfigurationList;
			buildConfigurations = (
				71BC1FF81B3BABE300A34BCC /* Debug */,
				71BC1FF91B3BABE300A34BCC /* Release */,
			);
			defaultConfigurationIsVisible = 0;
		};
		71BC1FFA1B3BABE300A34BCC /* Build configuration list for PBXNativeTarget "MusicTests" */ = {
			isa = XCConfigurationList;
			buildConfigurations = (
				71BC1FFB1B3BABE300A34BCC /* Debug */,
				71BC1FFC1B3BABE300A34BCC /* Release */,
			);
			defaultConfigurationIsVisible = 0;
		};
/* End XCConfigurationList section */
	};
	rootObject = 71BC1FCC1B3BABE300A34BCC /* Project object */;
}
